
Microsoft Visual Studio Solution File, Format Version 12.00
# Visual Studio Version 16
VisualStudioVersion = 16.0.30907.101
MinimumVisualStudioVersion = 10.0.40219.1
Project("{FAE04EC0-301F-11D3-BF4B-00C04F79EFBC}") = "SteamConsoleApp", "SteamConsoleApp\SteamConsoleApp.csproj", "{FDFB3C70-EE83-4447-8976-FDD0D934AF7C}"
EndProject
Global
	GlobalSection(SolutionConfigurationPlatforms) = preSolution
		Debug|Any CPU = Debug|Any CPU
		Release|Any CPU = Release|Any CPU
	EndGlobalSection
	GlobalSection(ProjectConfigurationPlatforms) = postSolution
		{FDFB3C70-EE83-4447-8976-FDD0D934AF7C}.Debug|Any CPU.ActiveCfg = Debug|Any CPU
		{FDFB3C70-EE83-4447-8976-FDD0D934AF7C}.Debug|Any CPU.Build.0 = Debug|Any CPU
		{FDFB3C70-EE83-4447-8976-FDD0D934AF7C}.Release|Any CPU.ActiveCfg = Release|Any CPU
		{FDFB3C70-EE83-4447-8976-FDD0D934AF7C}.Release|Any CPU.Build.0 = Release|Any CPU
	EndGlobalSection
	GlobalSection(SolutionProperties) = preSolution
		HideSolutionNode = FALSE
	EndGlobalSection
	GlobalSection(ExtensibilityGlobals) = postSolution
		SolutionGuid = {ACED1FFF-CE85-4240-8DB0-53171CE390BD}
	EndGlobalSection
EndGlobal
